
Microsoft Visual Studio Solution File, Format Version 12.00
# Visual Studio Version 16
VisualStudioVersion = 16.0.29001.49
MinimumVisualStudioVersion = 10.0.40219.1
Project("{FAE04EC0-301F-11D3-BF4B-00C04F79EFBC}") = "OrderMasters", "OrderMasters.csproj", "{B31491A9-E584-411E-B14D-90310CB62F43}"
EndProject
Global
	GlobalSection(SolutionConfigurationPlatforms) = preSolution
		Debug|Any CPU = Debug|Any CPU
		Release|Any CPU = Release|Any CPU
	EndGlobalSection
	GlobalSection(ProjectConfigurationPlatforms) = postSolution
		{B31491A9-E584-411E-B14D-90310CB62F43}.Debug|Any CPU.ActiveCfg = Debug|Any CPU
		{B31491A9-E584-411E-B14D-90310CB62F43}.Debug|Any CPU.Build.0 = Debug|Any CPU
		{B31491A9-E584-411E-B14D-90310CB62F43}.Release|Any CPU.ActiveCfg = Release|Any CPU
		{B31491A9-E584-411E-B14D-90310CB62F43}.Release|Any CPU.Build.0 = Release|Any CPU
	EndGlobalSection
	GlobalSection(SolutionProperties) = preSolution
		HideSolutionNode = FALSE
	EndGlobalSection
	GlobalSection(ExtensibilityGlobals) = postSolution
		SolutionGuid = {B5EB4D2C-3D7F-4E45-ACEF-2FC928F21BFA}
	EndGlobalSection
EndGlobal
