
Microsoft Visual Studio Solution File, Format Version 12.00
# Visual Studio Version 16
VisualStudioVersion = 16.0.28803.352
MinimumVisualStudioVersion = 10.0.40219.1
Project("{FAE04EC0-301F-11D3-BF4B-00C04F79EFBC}") = "OrderList", "OrderList.csproj", "{563A3CFE-5C6B-4E07-8FB8-C8165E46133E}"
EndProject
Global
	GlobalSection(SolutionConfigurationPlatforms) = preSolution
		Debug|Any CPU = Debug|Any CPU
		Release|Any CPU = Release|Any CPU
	EndGlobalSection
	GlobalSection(ProjectConfigurationPlatforms) = postSolution
		{563A3CFE-5C6B-4E07-8FB8-C8165E46133E}.Debug|Any CPU.ActiveCfg = Debug|Any CPU
		{563A3CFE-5C6B-4E07-8FB8-C8165E46133E}.Debug|Any CPU.Build.0 = Debug|Any CPU
		{563A3CFE-5C6B-4E07-8FB8-C8165E46133E}.Release|Any CPU.ActiveCfg = Release|Any CPU
		{563A3CFE-5C6B-4E07-8FB8-C8165E46133E}.Release|Any CPU.Build.0 = Release|Any CPU
	EndGlobalSection
	GlobalSection(SolutionProperties) = preSolution
		HideSolutionNode = FALSE
	EndGlobalSection
	GlobalSection(ExtensibilityGlobals) = postSolution
		SolutionGuid = {98552B8E-C8E9-44E3-B0BD-A99A3007CE61}
	EndGlobalSection
EndGlobal
